
Microsoft Visual Studio Solution File, Format Version 12.00
# Visual Studio 2013
VisualStudioVersion = 12.0.40629.0
MinimumVisualStudioVersion = 10.0.40219.1
Project("{8BC9CEB8-8B4A-11D0-8D11-00A0C91BC942}") = "DBMS", "DBMS\DBMS.vcxproj", "{46A533B6-BD30-46FB-AE33-F3C4125CA767}"
EndProject
Global
	GlobalSection(SolutionConfigurationPlatforms) = preSolution
		Debug|Win32 = Debug|Win32
		Release|Win32 = Release|Win32
	EndGlobalSection
	GlobalSection(ProjectConfigurationPlatforms) = postSolution
		{46A533B6-BD30-46FB-AE33-F3C4125CA767}.Debug|Win32.ActiveCfg = Debug|Win32
		{46A533B6-BD30-46FB-AE33-F3C4125CA767}.Debug|Win32.Build.0 = Debug|Win32
		{46A533B6-BD30-46FB-AE33-F3C4125CA767}.Release|Win32.ActiveCfg = Release|Win32
		{46A533B6-BD30-46FB-AE33-F3C4125CA767}.Release|Win32.Build.0 = Release|Win32
	EndGlobalSection
	GlobalSection(SolutionProperties) = preSolution
		HideSolutionNode = FALSE
	EndGlobalSection
EndGlobal
